
Microsoft Visual Studio Solution File, Format Version 12.00
# Visual Studio Version 17
VisualStudioVersion = 17.5.33627.172
MinimumVisualStudioVersion = 10.0.40219.1
Project("{FAE04EC0-301F-11D3-BF4B-00C04F79EFBC}") = "Processes", "Processes.csproj", "{4BB09CF8-1316-45C7-872C-0ACED951AB18}"
EndProject
Global
	GlobalSection(SolutionConfigurationPlatforms) = preSolution
		Debug|Any CPU = Debug|Any CPU
		Release|Any CPU = Release|Any CPU
	EndGlobalSection
	GlobalSection(ProjectConfigurationPlatforms) = postSolution
		{4BB09CF8-1316-45C7-872C-0ACED951AB18}.Debug|Any CPU.ActiveCfg = Debug|Any CPU
		{4BB09CF8-1316-45C7-872C-0ACED951AB18}.Debug|Any CPU.Build.0 = Debug|Any CPU
		{4BB09CF8-1316-45C7-872C-0ACED951AB18}.Release|Any CPU.ActiveCfg = Release|Any CPU
		{4BB09CF8-1316-45C7-872C-0ACED951AB18}.Release|Any CPU.Build.0 = Release|Any CPU
	EndGlobalSection
	GlobalSection(SolutionProperties) = preSolution
		HideSolutionNode = FALSE
	EndGlobalSection
	GlobalSection(ExtensibilityGlobals) = postSolution
		SolutionGuid = {99206AE1-40CF-4A44-8CCD-C8BFBC0EE62F}
	EndGlobalSection
EndGlobal
